// !$*UTF8*$!
{
	archiveVersion = 1;
	classes = {
	};
	objectVersion = 50;
	objects = {

/* Begin PBXBuildFile section */
		89CCF49C2421B4BB001F84D4 /* AppDelegate.swift in Sources */ = {isa = PBXBuildFile; fileRef = 89CCF49B2421B4BB001F84D4 /* AppDelegate.swift */; };
		89CCF49E2421B4BB001F84D4 /* SceneDelegate.swift in Sources */ = {isa = PBXBuildFile; fileRef = 89CCF49D2421B4BB001F84D4 /* SceneDelegate.swift */; };
		89CCF4A02421B4BB001F84D4 /* ContentView.swift in Sources */ = {isa = PBXBuildFile; fileRef = 89CCF49F2421B4BB001F84D4 /* ContentView.swift */; };
		89CCF4A22421B4BF001F84D4 /* Assets.xcassets in Resources */ = {isa = PBXBuildFile; fileRef = 89CCF4A12421B4BF001F84D4 /* Assets.xcassets */; };
		89CCF4A52421B4BF001F84D4 /* Preview Assets.xcassets in Resources */ = {isa = PBXBuildFile; fileRef = 89CCF4A42421B4BF001F84D4 /* Preview Assets.xcassets */; };
		89CCF4A82421B4BF001F84D4 /* LaunchScreen.storyboard in Resources */ = {isa = PBXBuildFile; fileRef = 89CCF4A62421B4BF001F84D4 /* LaunchScreen.storyboard */; };
/* End PBXBuildFile section */

/* Begin PBXFileReference section */
		89CCF4982421B4BB001F84D4 /* project_1_we_split.app */ = {isa = PBXFileReference; explicitFileType = wrapper.application; includeInIndex = 0; path = project_1_we_split.app; sourceTree = BUILT_PRODUCTS_DIR; };
		89CCF49B2421B4BB001F84D4 /* AppDelegate.swift */ = {isa = PBXFileReference; lastKnownFileType = sourcecode.swift; path = AppDelegate.swift; sourceTree = "<group>"; };
		89CCF49D2421B4BB001F84D4 /* SceneDelegate.swift */ = {isa = PBXFileReference; lastKnownFileType = sourcecode.swift; path = SceneDelegate.swift; sourceTree = "<group>"; };
		89CCF49F2421B4BB001F84D4 /* ContentView.swift */ = {isa = PBXFileReference; lastKnownFileType = sourcecode.swift; path = ContentView.swift; sourceTree = "<group>"; };
		89CCF4A12421B4BF001F84D4 /* Assets.xcassets */ = {isa = PBXFileReference; lastKnownFileType = folder.assetcatalog; path = Assets.xcassets; sourceTree = "<group>"; };
		89CCF4A42421B4BF001F84D4 /* Preview Assets.xcassets */ = {isa = PBXFileReference; lastKnownFileType = folder.assetcatalog; path = "Preview Assets.xcassets"; sourceTree = "<group>"; };
		89CCF4A72421B4BF001F84D4 /* Base */ = {isa = PBXFileReference; lastKnownFileType = file.storyboard; name = Base; path = Base.lproj/LaunchScreen.storyboard; sourceTree = "<group>"; };
		89CCF4A92421B4BF001F84D4 /* Info.plist */ = {isa = PBXFileReference; lastKnownFileType = text.plist.xml; path = Info.plist; sourceTree = "<group>"; };
/* End PBXFileReference section */

/* Begin PBXFrameworksBuildPhase section */
		89CCF4952421B4BB001F84D4 /* Frameworks */ = {
			isa = PBXFrameworksBuildPhase;
			buildActionMask = 2147483647;
			files = (
			);
			runOnlyForDeploymentPostprocessing = 0;
		};
/* End PBXFrameworksBuildPhase section */

/* Begin PBXGroup section */
		89CCF48F2421B4BB001F84D4 = {
			isa = PBXGroup;
			children = (
				89CCF49A2421B4BB001F84D4 /* project_1_we_split */,
				89CCF4992421B4BB001F84D4 /* Products */,
			);
			sourceTree = "<group>";
		};
		89CCF4992421B4BB001F84D4 /* Products */ = {
			isa = PBXGroup;
			children = (
				89CCF4982421B4BB001F84D4 /* project_1_we_split.app */,
			);
			name = Products;
			sourceTree = "<group>";
		};
		89CCF49A2421B4BB001F84D4 /* project_1_we_split */ = {
			isa = PBXGroup;
			children = (
				89CCF49B2421B4BB001F84D4 /* AppDelegate.swift */,
				89CCF49D2421B4BB001F84D4 /* SceneDelegate.swift */,
				89CCF49F2421B4BB001F84D4 /* ContentView.swift */,
				89CCF4A12421B4BF001F84D4 /* Assets.xcassets */,
				89CCF4A62421B4BF001F84D4 /* LaunchScreen.storyboard */,
				89CCF4A92421B4BF001F84D4 /* Info.plist */,
				89CCF4A32421B4BF001F84D4 /* Preview Content */,
			);
			path = project_1_we_split;
			sourceTree = "<group>";
		};
		89CCF4A32421B4BF001F84D4 /* Preview Content */ = {
			isa = PBXGroup;
			children = (
				89CCF4A42421B4BF001F84D4 /* Preview Assets.xcassets */,
			);
			path = "Preview Content";
			sourceTree = "<group>";
		};
/* End PBXGroup section */

/* Begin PBXNativeTarget section */
		89CCF4972421B4BB001F84D4 /* project_1_we_split */ = {
			isa = PBXNativeTarget;
			buildConfigurationList = 89CCF4AC2421B4BF001F84D4 /* Build configuration list for PBXNativeTarget "project_1_we_split" */;
			buildPhases = (
				89CCF4942421B4BB001F84D4 /* Sources */,
				89CCF4952421B4BB001F84D4 /* Frameworks */,
				89CCF4962421B4BB001F84D4 /* Resources */,
			);
			buildRules = (
			);
			dependencies = (
			);
			name = project_1_we_split;
			productName = project_1_we_split;
			productReference = 89CCF4982421B4BB001F84D4 /* project_1_we_split.app */;
			productType = "com.apple.product-type.application";
		};
/* End PBXNativeTarget section */

/* Begin PBXProject section */
		89CCF4902421B4BB001F84D4 /* Project object */ = {
			isa = PBXProject;
			attributes = {
				LastSwiftUpdateCheck = 1130;
				LastUpgradeCheck = 1130;
				ORGANIZATIONNAME = rvsm;
				TargetAttributes = {
					89CCF4972421B4BB001F84D4 = {
						CreatedOnToolsVersion = 11.3;
					};
				};
			};
			buildConfigurationList = 89CCF4932421B4BB001F84D4 /* Build configuration list for PBXProject "project_1_we_split" */;
			compatibilityVersion = "Xcode 9.3";
			developmentRegion = en;
			hasScannedForEncodings = 0;
			knownRegions = (
				en,
				Base,
			);
			mainGroup = 89CCF48F2421B4BB001F84D4;
			productRefGroup = 89CCF4992421B4BB001F84D4 /* Products */;
			projectDirPath = "";
			projectRoot = "";
			targets = (
				89CCF4972421B4BB001F84D4 /* project_1_we_split */,
			);
		};
/* End PBXProject section */

/* Begin PBXResourcesBuildPhase section */
		89CCF4962421B4BB001F84D4 /* Resources */ = {
			isa = PBXResourcesBuildPhase;
			buildActionMask = 2147483647;
			files = (
				89CCF4A82421B4BF001F84D4 /* LaunchScreen.storyboard in Resources */,
				89CCF4A52421B4BF001F84D4 /* Preview Assets.xcassets in Resources */,
				89CCF4A22421B4BF001F84D4 /* Assets.xcassets in Resources */,
			);
			runOnlyForDeploymentPostprocessing = 0;
		};
/* End PBXResourcesBuildPhase section */

/* Begin PBXSourcesBuildPhase section */
		89CCF4942421B4BB001F84D4 /* Sources */ = {
			isa = PBXSourcesBuildPhase;
			buildActionMask = 2147483647;
			files = (
				89CCF49C2421B4BB001F84D4 /* AppDelegate.swift in Sources */,
				89CCF49E2421B4BB001F84D4 /* SceneDelegate.swift in Sources */,
				89CCF4A02421B4BB001F84D4 /* ContentView.swift in Sources */,
			);
			runOnlyForDeploymentPostprocessing = 0;
		};
/* End PBXSourcesBuildPhase section */

/* Begin PBXVariantGroup section */
		89CCF4A62421B4BF001F84D4 /* LaunchScreen.storyboard */ = {
			isa = PBXVariantGroup;
			children = (
				89CCF4A72421B4BF001F84D4 /* Base */,
			);
			name = LaunchScreen.storyboard;
			sourceTree = "<group>";
		};
/* End PBXVariantGroup section */

/* Begin XCBuildConfiguration section */
		89CCF4AA2421B4BF001F84D4 /* Debug */ = {
			isa = XCBuildConfiguration;
			buildSettings = {
				ALWAYS_SEARCH_USER_PATHS = NO;
				CLANG_ANALYZER_NONNULL = YES;
				CLANG_ANALYZER_NUMBER_OBJECT_CONVERSION = YES_AGGRESSIVE;
				CLANG_CXX_LANGUAGE_STANDARD = "gnu++14";
				CLANG_CXX_LIBRARY = "libc++";
				CLANG_ENABLE_MODULES = YES;
				CLANG_ENABLE_OBJC_ARC = YES;
				CLANG_ENABLE_OBJC_WEAK = YES;
				CLANG_WARN_BLOCK_CAPTURE_AUTORELEASING = YES;
				CLANG_WARN_BOOL_CONVERSION = YES;
				CLANG_WARN_COMMA = YES;
				CLANG_WARN_CONSTANT_CONVERSION = YES;
				CLANG_WARN_DEPRECATED_OBJC_IMPLEMENTATIONS = YES;
				CLANG_WARN_DIRECT_OBJC_ISA_USAGE = YES_ERROR;
				CLANG_WARN_DOCUMENTATION_COMMENTS = YES;
				CLANG_WARN_EMPTY_BODY = YES;
				CLANG_WARN_ENUM_CONVERSION = YES;
				CLANG_WARN_INFINITE_RECURSION = YES;
				CLANG_WARN_INT_CONVERSION = YES;
				CLANG_WARN_NON_LITERAL_NULL_CONVERSION = YES;
				CLANG_WARN_OBJC_IMPLICIT_RETAIN_SELF = YES;
				CLANG_WARN_OBJC_LITERAL_CONVERSION = YES;
				CLANG_WARN_OBJC_ROOT_CLASS = YES_ERROR;
				CLANG_WARN_RANGE_LOOP_ANALYSIS = YES;
				CLANG_WARN_STRICT_PROTOTYPES = YES;
				CLANG_WARN_SUSPICIOUS_MOVE = YES;
				CLANG_WARN_UNGUARDED_AVAILABILITY = YES_AGGRESSIVE;
				CLANG_WARN_UNREACHABLE_CODE = YES;
				CLANG_WARN__DUPLICATE_METHOD_MATCH = YES;
				COPY_PHASE_STRIP = NO;
				DEBUG_INFORMATION_FORMAT = dwarf;
				ENABLE_STRICT_OBJC_MSGSEND = YES;
				ENABLE_TESTABILITY = YES;
				GCC_C_LANGUAGE_STANDARD = gnu11;
				GCC_DYNAMIC_NO_PIC = NO;
				GCC_NO_COMMON_BLOCKS = YES;
				GCC_OPTIMIZATION_LEVEL = 0;
				GCC_PREPROCESSOR_DEFINITIONS = (
					"DEBUG=1",
					"$(inherited)",
				);
				GCC_WARN_64_TO_32_BIT_CONVERSION = YES;
				GCC_WARN_ABOUT_RETURN_TYPE = YES_ERROR;
				GCC_WARN_UNDECLARED_SELECTOR = YES;
				GCC_WARN_UNINITIALIZED_AUTOS = YES_AGGRESSIVE;
				GCC_WARN_UNUSED_FUNCTION = YES;
				GCC_WARN_UNUSED_VARIABLE = YES;
				IPHONEOS_DEPLOYMENT_TARGET = 13.2;
				MTL_ENABLE_DEBUG_INFO = INCLUDE_SOURCE;
				MTL_FAST_MATH = YES;
				ONLY_ACTIVE_ARCH = YES;
				SDKROOT = iphoneos;
				SWIFT_ACTIVE_COMPILATION_CONDITIONS = DEBUG;
				SWIFT_OPTIMIZATION_LEVEL = "-Onone";
			};
			name = Debug;
		};
		89CCF4AB2421B4BF001F84D4 /* Release */ = {
			isa = XCBuildConfiguration;
			buildSettings = {
				ALWAYS_SEARCH_USER_PATHS = NO;
				CLANG_ANALYZER_NONNULL = YES;
				CLANG_ANALYZER_NUMBER_OBJECT_CONVERSION = YES_AGGRESSIVE;
				CLANG_CXX_LANGUAGE_STANDARD = "gnu++14";
				CLANG_CXX_LIBRARY = "libc++";
				CLANG_ENABLE_MODULES = YES;
				CLANG_ENABLE_OBJC_ARC = YES;
				CLANG_ENABLE_OBJC_WEAK = YES;
				CLANG_WARN_BLOCK_CAPTURE_AUTORELEASING = YES;
				CLANG_WARN_BOOL_CONVERSION = YES;
				CLANG_WARN_COMMA = YES;
				CLANG_WARN_CONSTANT_CONVERSION = YES;
				CLANG_WARN_DEPRECATED_OBJC_IMPLEMENTATIONS = YES;
				CLANG_WARN_DIRECT_OBJC_ISA_USAGE = YES_ERROR;
				CLANG_WARN_DOCUMENTATION_COMMENTS = YES;
				CLANG_WARN_EMPTY_BODY = YES;
				CLANG_WARN_ENUM_CONVERSION = YES;
				CLANG_WARN_INFINITE_RECURSION = YES;
				CLANG_WARN_INT_CONVERSION = YES;
				CLANG_WARN_NON_LITERAL_NULL_CONVERSION = YES;
				CLANG_WARN_OBJC_IMPLICIT_RETAIN_SELF = YES;
				CLANG_WARN_OBJC_LITERAL_CONVERSION = YES;
				CLANG_WARN_OBJC_ROOT_CLASS = YES_ERROR;
				CLANG_WARN_RANGE_LOOP_ANALYSIS = YES;
				CLANG_WARN_STRICT_PROTOTYPES = YES;
				CLANG_WARN_SUSPICIOUS_MOVE = YES;
				CLANG_WARN_UNGUARDED_AVAILABILITY = YES_AGGRESSIVE;
				CLANG_WARN_UNREACHABLE_CODE = YES;
				CLANG_WARN__DUPLICATE_METHOD_MATCH = YES;
				COPY_PHASE_STRIP = NO;
				DEBUG_INFORMATION_FORMAT = "dwarf-with-dsym";
				ENABLE_NS_ASSERTIONS = NO;
				ENABLE_STRICT_OBJC_MSGSEND = YES;
				GCC_C_LANGUAGE_STANDARD = gnu11;
				GCC_NO_COMMON_BLOCKS = YES;
				GCC_WARN_64_TO_32_BIT_CONVERSION = YES;
				GCC_WARN_ABOUT_RETURN_TYPE = YES_ERROR;
				GCC_WARN_UNDECLARED_SELECTOR = YES;
				GCC_WARN_UNINITIALIZED_AUTOS = YES_AGGRESSIVE;
				GCC_WARN_UNUSED_FUNCTION = YES;
				GCC_WARN_UNUSED_VARIABLE = YES;
				IPHONEOS_DEPLOYMENT_TARGET = 13.2;
				MTL_ENABLE_DEBUG_INFO = NO;
				MTL_FAST_MATH = YES;
				SDKROOT = iphoneos;
				SWIFT_COMPILATION_MODE = wholemodule;
				SWIFT_OPTIMIZATION_LEVEL = "-O";
				VALIDATE_PRODUCT = YES;
			};
			name = Release;
		};
		89CCF4AD2421B4BF001F84D4 /* Debug */ = {
			isa = XCBuildConfiguration;
			buildSettings = {
				ASSETCATALOG_COMPILER_APPICON_NAME = AppIcon;
				CODE_SIGN_STYLE = Automatic;
				DEVELOPMENT_ASSET_PATHS = "\"project_1_we_split/Preview Content\"";
				ENABLE_PREVIEWS = YES;
				INFOPLIST_FILE = project_1_we_split/Info.plist;
				LD_RUNPATH_SEARCH_PATHS = (
					"$(inherited)",
					"@executable_path/Frameworks",
				);
				PRODUCT_BUNDLE_IDENTIFIER = "com.github-rafascalzo.project-1-we-split";
				PRODUCT_NAME = "$(TARGET_NAME)";
				SWIFT_VERSION = 5.0;
				TARGETED_DEVICE_FAMILY = "1,2";
			};
			name = Debug;
		};
		89CCF4AE2421B4BF001F84D4 /* Release */ = {
			isa = XCBuildConfiguration;
			buildSettings = {
				ASSETCATALOG_COMPILER_APPICON_NAME = AppIcon;
				CODE_SIGN_STYLE = Automatic;
				DEVELOPMENT_ASSET_PATHS = "\"project_1_we_split/Preview Content\"";
				ENABLE_PREVIEWS = YES;
				INFOPLIST_FILE = project_1_we_split/Info.plist;
				LD_RUNPATH_SEARCH_PATHS = (
					"$(inherited)",
					"@executable_path/Frameworks",
				);
				PRODUCT_BUNDLE_IDENTIFIER = "com.github-rafascalzo.project-1-we-split";
				PRODUCT_NAME = "$(TARGET_NAME)";
				SWIFT_VERSION = 5.0;
				TARGETED_DEVICE_FAMILY = "1,2";
			};
			name = Release;
		};
/* End XCBuildConfiguration section */

/* Begin XCConfigurationList section */
		89CCF4932421B4BB001F84D4 /* Build configuration list for PBXProject "project_1_we_split" */ = {
			isa = XCConfigurationList;
			buildConfigurations = (
				89CCF4AA2421B4BF001F84D4 /* Debug */,
				89CCF4AB2421B4BF001F84D4 /* Release */,
			);
			defaultConfigurationIsVisible = 0;
			defaultConfigurationName = Release;
		};
		89CCF4AC2421B4BF001F84D4 /* Build configuration list for PBXNativeTarget "project_1_we_split" */ = {
			isa = XCConfigurationList;
			buildConfigurations = (
				89CCF4AD2421B4BF001F84D4 /* Debug */,
				89CCF4AE2421B4BF001F84D4 /* Release */,
			);
			defaultConfigurationIsVisible = 0;
			defaultConfigurationName = Release;
		};
/* End XCConfigurationList section */
	};
	rootObject = 89CCF4902421B4BB001F84D4 /* Project object */;
}
