// !$*UTF8*$!
{
	archiveVersion = 1;
	classes = {
	};
	objectVersion = 50;
	objects = {

/* Begin PBXBuildFile section */
		89CCF4D52425AAB8001F84D4 /* AppDelegate.swift in Sources */ = {isa = PBXBuildFile; fileRef = 89CCF4D42425AAB8001F84D4 /* AppDelegate.swift */; };
		89CCF4D72425AAB8001F84D4 /* SceneDelegate.swift in Sources */ = {isa = PBXBuildFile; fileRef = 89CCF4D62425AAB8001F84D4 /* SceneDelegate.swift */; };
		89CCF4D92425AAB8001F84D4 /* ContentView.swift in Sources */ = {isa = PBXBuildFile; fileRef = 89CCF4D82425AAB8001F84D4 /* ContentView.swift */; };
		89CCF4DB2425AABA001F84D4 /* Assets.xcassets in Resources */ = {isa = PBXBuildFile; fileRef = 89CCF4DA2425AABA001F84D4 /* Assets.xcassets */; };
		89CCF4DE2425AABA001F84D4 /* Preview Assets.xcassets in Resources */ = {isa = PBXBuildFile; fileRef = 89CCF4DD2425AABA001F84D4 /* Preview Assets.xcassets */; };
		89CCF4E12425AABA001F84D4 /* LaunchScreen.storyboard in Resources */ = {isa = PBXBuildFile; fileRef = 89CCF4DF2425AABA001F84D4 /* LaunchScreen.storyboard */; };
/* End PBXBuildFile section */

/* Begin PBXFileReference section */
		89CCF4D12425AAB8001F84D4 /* challenge_1_temperature_converter.app */ = {isa = PBXFileReference; explicitFileType = wrapper.application; includeInIndex = 0; path = challenge_1_temperature_converter.app; sourceTree = BUILT_PRODUCTS_DIR; };
		89CCF4D42425AAB8001F84D4 /* AppDelegate.swift */ = {isa = PBXFileReference; lastKnownFileType = sourcecode.swift; path = AppDelegate.swift; sourceTree = "<group>"; };
		89CCF4D62425AAB8001F84D4 /* SceneDelegate.swift */ = {isa = PBXFileReference; lastKnownFileType = sourcecode.swift; path = SceneDelegate.swift; sourceTree = "<group>"; };
		89CCF4D82425AAB8001F84D4 /* ContentView.swift */ = {isa = PBXFileReference; lastKnownFileType = sourcecode.swift; path = ContentView.swift; sourceTree = "<group>"; };
		89CCF4DA2425AABA001F84D4 /* Assets.xcassets */ = {isa = PBXFileReference; lastKnownFileType = folder.assetcatalog; path = Assets.xcassets; sourceTree = "<group>"; };
		89CCF4DD2425AABA001F84D4 /* Preview Assets.xcassets */ = {isa = PBXFileReference; lastKnownFileType = folder.assetcatalog; path = "Preview Assets.xcassets"; sourceTree = "<group>"; };
		89CCF4E02425AABA001F84D4 /* Base */ = {isa = PBXFileReference; lastKnownFileType = file.storyboard; name = Base; path = Base.lproj/LaunchScreen.storyboard; sourceTree = "<group>"; };
		89CCF4E22425AABA001F84D4 /* Info.plist */ = {isa = PBXFileReference; lastKnownFileType = text.plist.xml; path = Info.plist; sourceTree = "<group>"; };
/* End PBXFileReference section */

/* Begin PBXFrameworksBuildPhase section */
		89CCF4CE2425AAB8001F84D4 /* Frameworks */ = {
			isa = PBXFrameworksBuildPhase;
			buildActionMask = 2147483647;
			files = (
			);
			runOnlyForDeploymentPostprocessing = 0;
		};
/* End PBXFrameworksBuildPhase section */

/* Begin PBXGroup section */
		89CCF4C82425AAB7001F84D4 = {
			isa = PBXGroup;
			children = (
				89CCF4D32425AAB8001F84D4 /* challenge_1_temperature_converter */,
				89CCF4D22425AAB8001F84D4 /* Products */,
			);
			sourceTree = "<group>";
		};
		89CCF4D22425AAB8001F84D4 /* Products */ = {
			isa = PBXGroup;
			children = (
				89CCF4D12425AAB8001F84D4 /* challenge_1_temperature_converter.app */,
			);
			name = Products;
			sourceTree = "<group>";
		};
		89CCF4D32425AAB8001F84D4 /* challenge_1_temperature_converter */ = {
			isa = PBXGroup;
			children = (
				89CCF4D42425AAB8001F84D4 /* AppDelegate.swift */,
				89CCF4D62425AAB8001F84D4 /* SceneDelegate.swift */,
				89CCF4D82425AAB8001F84D4 /* ContentView.swift */,
				89CCF4DA2425AABA001F84D4 /* Assets.xcassets */,
				89CCF4DF2425AABA001F84D4 /* LaunchScreen.storyboard */,
				89CCF4E22425AABA001F84D4 /* Info.plist */,
				89CCF4DC2425AABA001F84D4 /* Preview Content */,
			);
			path = challenge_1_temperature_converter;
			sourceTree = "<group>";
		};
		89CCF4DC2425AABA001F84D4 /* Preview Content */ = {
			isa = PBXGroup;
			children = (
				89CCF4DD2425AABA001F84D4 /* Preview Assets.xcassets */,
			);
			path = "Preview Content";
			sourceTree = "<group>";
		};
/* End PBXGroup section */

/* Begin PBXNativeTarget section */
		89CCF4D02425AAB8001F84D4 /* challenge_1_temperature_converter */ = {
			isa = PBXNativeTarget;
			buildConfigurationList = 89CCF4E52425AABA001F84D4 /* Build configuration list for PBXNativeTarget "challenge_1_temperature_converter" */;
			buildPhases = (
				89CCF4CD2425AAB8001F84D4 /* Sources */,
				89CCF4CE2425AAB8001F84D4 /* Frameworks */,
				89CCF4CF2425AAB8001F84D4 /* Resources */,
			);
			buildRules = (
			);
			dependencies = (
			);
			name = challenge_1_temperature_converter;
			productName = challenge_1_temperature_converter;
			productReference = 89CCF4D12425AAB8001F84D4 /* challenge_1_temperature_converter.app */;
			productType = "com.apple.product-type.application";
		};
/* End PBXNativeTarget section */

/* Begin PBXProject section */
		89CCF4C92425AAB7001F84D4 /* Project object */ = {
			isa = PBXProject;
			attributes = {
				LastSwiftUpdateCheck = 1130;
				LastUpgradeCheck = 1130;
				ORGANIZATIONNAME = rvsm;
				TargetAttributes = {
					89CCF4D02425AAB8001F84D4 = {
						CreatedOnToolsVersion = 11.3;
					};
				};
			};
			buildConfigurationList = 89CCF4CC2425AAB7001F84D4 /* Build configuration list for PBXProject "challenge_1_temperature_converter" */;
			compatibilityVersion = "Xcode 9.3";
			developmentRegion = en;
			hasScannedForEncodings = 0;
			knownRegions = (
				en,
				Base,
			);
			mainGroup = 89CCF4C82425AAB7001F84D4;
			productRefGroup = 89CCF4D22425AAB8001F84D4 /* Products */;
			projectDirPath = "";
			projectRoot = "";
			targets = (
				89CCF4D02425AAB8001F84D4 /* challenge_1_temperature_converter */,
			);
		};
/* End PBXProject section */

/* Begin PBXResourcesBuildPhase section */
		89CCF4CF2425AAB8001F84D4 /* Resources */ = {
			isa = PBXResourcesBuildPhase;
			buildActionMask = 2147483647;
			files = (
				89CCF4E12425AABA001F84D4 /* LaunchScreen.storyboard in Resources */,
				89CCF4DE2425AABA001F84D4 /* Preview Assets.xcassets in Resources */,
				89CCF4DB2425AABA001F84D4 /* Assets.xcassets in Resources */,
			);
			runOnlyForDeploymentPostprocessing = 0;
		};
/* End PBXResourcesBuildPhase section */

/* Begin PBXSourcesBuildPhase section */
		89CCF4CD2425AAB8001F84D4 /* Sources */ = {
			isa = PBXSourcesBuildPhase;
			buildActionMask = 2147483647;
			files = (
				89CCF4D52425AAB8001F84D4 /* AppDelegate.swift in Sources */,
				89CCF4D72425AAB8001F84D4 /* SceneDelegate.swift in Sources */,
				89CCF4D92425AAB8001F84D4 /* ContentView.swift in Sources */,
			);
			runOnlyForDeploymentPostprocessing = 0;
		};
/* End PBXSourcesBuildPhase section */

/* Begin PBXVariantGroup section */
		89CCF4DF2425AABA001F84D4 /* LaunchScreen.storyboard */ = {
			isa = PBXVariantGroup;
			children = (
				89CCF4E02425AABA001F84D4 /* Base */,
			);
			name = LaunchScreen.storyboard;
			sourceTree = "<group>";
		};
/* End PBXVariantGroup section */

/* Begin XCBuildConfiguration section */
		89CCF4E32425AABA001F84D4 /* Debug */ = {
			isa = XCBuildConfiguration;
			buildSettings = {
				ALWAYS_SEARCH_USER_PATHS = NO;
				CLANG_ANALYZER_NONNULL = YES;
				CLANG_ANALYZER_NUMBER_OBJECT_CONVERSION = YES_AGGRESSIVE;
				CLANG_CXX_LANGUAGE_STANDARD = "gnu++14";
				CLANG_CXX_LIBRARY = "libc++";
				CLANG_ENABLE_MODULES = YES;
				CLANG_ENABLE_OBJC_ARC = YES;
				CLANG_ENABLE_OBJC_WEAK = YES;
				CLANG_WARN_BLOCK_CAPTURE_AUTORELEASING = YES;
				CLANG_WARN_BOOL_CONVERSION = YES;
				CLANG_WARN_COMMA = YES;
				CLANG_WARN_CONSTANT_CONVERSION = YES;
				CLANG_WARN_DEPRECATED_OBJC_IMPLEMENTATIONS = YES;
				CLANG_WARN_DIRECT_OBJC_ISA_USAGE = YES_ERROR;
				CLANG_WARN_DOCUMENTATION_COMMENTS = YES;
				CLANG_WARN_EMPTY_BODY = YES;
				CLANG_WARN_ENUM_CONVERSION = YES;
				CLANG_WARN_INFINITE_RECURSION = YES;
				CLANG_WARN_INT_CONVERSION = YES;
				CLANG_WARN_NON_LITERAL_NULL_CONVERSION = YES;
				CLANG_WARN_OBJC_IMPLICIT_RETAIN_SELF = YES;
				CLANG_WARN_OBJC_LITERAL_CONVERSION = YES;
				CLANG_WARN_OBJC_ROOT_CLASS = YES_ERROR;
				CLANG_WARN_RANGE_LOOP_ANALYSIS = YES;
				CLANG_WARN_STRICT_PROTOTYPES = YES;
				CLANG_WARN_SUSPICIOUS_MOVE = YES;
				CLANG_WARN_UNGUARDED_AVAILABILITY = YES_AGGRESSIVE;
				CLANG_WARN_UNREACHABLE_CODE = YES;
				CLANG_WARN__DUPLICATE_METHOD_MATCH = YES;
				COPY_PHASE_STRIP = NO;
				DEBUG_INFORMATION_FORMAT = dwarf;
				ENABLE_STRICT_OBJC_MSGSEND = YES;
				ENABLE_TESTABILITY = YES;
				GCC_C_LANGUAGE_STANDARD = gnu11;
				GCC_DYNAMIC_NO_PIC = NO;
				GCC_NO_COMMON_BLOCKS = YES;
				GCC_OPTIMIZATION_LEVEL = 0;
				GCC_PREPROCESSOR_DEFINITIONS = (
					"DEBUG=1",
					"$(inherited)",
				);
				GCC_WARN_64_TO_32_BIT_CONVERSION = YES;
				GCC_WARN_ABOUT_RETURN_TYPE = YES_ERROR;
				GCC_WARN_UNDECLARED_SELECTOR = YES;
				GCC_WARN_UNINITIALIZED_AUTOS = YES_AGGRESSIVE;
				GCC_WARN_UNUSED_FUNCTION = YES;
				GCC_WARN_UNUSED_VARIABLE = YES;
				IPHONEOS_DEPLOYMENT_TARGET = 13.2;
				MTL_ENABLE_DEBUG_INFO = INCLUDE_SOURCE;
				MTL_FAST_MATH = YES;
				ONLY_ACTIVE_ARCH = YES;
				SDKROOT = iphoneos;
				SWIFT_ACTIVE_COMPILATION_CONDITIONS = DEBUG;
				SWIFT_OPTIMIZATION_LEVEL = "-Onone";
			};
			name = Debug;
		};
		89CCF4E42425AABA001F84D4 /* Release */ = {
			isa = XCBuildConfiguration;
			buildSettings = {
				ALWAYS_SEARCH_USER_PATHS = NO;
				CLANG_ANALYZER_NONNULL = YES;
				CLANG_ANALYZER_NUMBER_OBJECT_CONVERSION = YES_AGGRESSIVE;
				CLANG_CXX_LANGUAGE_STANDARD = "gnu++14";
				CLANG_CXX_LIBRARY = "libc++";
				CLANG_ENABLE_MODULES = YES;
				CLANG_ENABLE_OBJC_ARC = YES;
				CLANG_ENABLE_OBJC_WEAK = YES;
				CLANG_WARN_BLOCK_CAPTURE_AUTORELEASING = YES;
				CLANG_WARN_BOOL_CONVERSION = YES;
				CLANG_WARN_COMMA = YES;
				CLANG_WARN_CONSTANT_CONVERSION = YES;
				CLANG_WARN_DEPRECATED_OBJC_IMPLEMENTATIONS = YES;
				CLANG_WARN_DIRECT_OBJC_ISA_USAGE = YES_ERROR;
				CLANG_WARN_DOCUMENTATION_COMMENTS = YES;
				CLANG_WARN_EMPTY_BODY = YES;
				CLANG_WARN_ENUM_CONVERSION = YES;
				CLANG_WARN_INFINITE_RECURSION = YES;
				CLANG_WARN_INT_CONVERSION = YES;
				CLANG_WARN_NON_LITERAL_NULL_CONVERSION = YES;
				CLANG_WARN_OBJC_IMPLICIT_RETAIN_SELF = YES;
				CLANG_WARN_OBJC_LITERAL_CONVERSION = YES;
				CLANG_WARN_OBJC_ROOT_CLASS = YES_ERROR;
				CLANG_WARN_RANGE_LOOP_ANALYSIS = YES;
				CLANG_WARN_STRICT_PROTOTYPES = YES;
				CLANG_WARN_SUSPICIOUS_MOVE = YES;
				CLANG_WARN_UNGUARDED_AVAILABILITY = YES_AGGRESSIVE;
				CLANG_WARN_UNREACHABLE_CODE = YES;
				CLANG_WARN__DUPLICATE_METHOD_MATCH = YES;
				COPY_PHASE_STRIP = NO;
				DEBUG_INFORMATION_FORMAT = "dwarf-with-dsym";
				ENABLE_NS_ASSERTIONS = NO;
				ENABLE_STRICT_OBJC_MSGSEND = YES;
				GCC_C_LANGUAGE_STANDARD = gnu11;
				GCC_NO_COMMON_BLOCKS = YES;
				GCC_WARN_64_TO_32_BIT_CONVERSION = YES;
				GCC_WARN_ABOUT_RETURN_TYPE = YES_ERROR;
				GCC_WARN_UNDECLARED_SELECTOR = YES;
				GCC_WARN_UNINITIALIZED_AUTOS = YES_AGGRESSIVE;
				GCC_WARN_UNUSED_FUNCTION = YES;
				GCC_WARN_UNUSED_VARIABLE = YES;
				IPHONEOS_DEPLOYMENT_TARGET = 13.2;
				MTL_ENABLE_DEBUG_INFO = NO;
				MTL_FAST_MATH = YES;
				SDKROOT = iphoneos;
				SWIFT_COMPILATION_MODE = wholemodule;
				SWIFT_OPTIMIZATION_LEVEL = "-O";
				VALIDATE_PRODUCT = YES;
			};
			name = Release;
		};
		89CCF4E62425AABA001F84D4 /* Debug */ = {
			isa = XCBuildConfiguration;
			buildSettings = {
				ASSETCATALOG_COMPILER_APPICON_NAME = AppIcon;
				CODE_SIGN_STYLE = Automatic;
				DEVELOPMENT_ASSET_PATHS = "\"challenge_1_temperature_converter/Preview Content\"";
				ENABLE_PREVIEWS = YES;
				INFOPLIST_FILE = challenge_1_temperature_converter/Info.plist;
				LD_RUNPATH_SEARCH_PATHS = (
					"$(inherited)",
					"@executable_path/Frameworks",
				);
				PRODUCT_BUNDLE_IDENTIFIER = "com.github-rafascalzo.challenge-1-temperature-converter";
				PRODUCT_NAME = "$(TARGET_NAME)";
				SWIFT_VERSION = 5.0;
				TARGETED_DEVICE_FAMILY = "1,2";
			};
			name = Debug;
		};
		89CCF4E72425AABA001F84D4 /* Release */ = {
			isa = XCBuildConfiguration;
			buildSettings = {
				ASSETCATALOG_COMPILER_APPICON_NAME = AppIcon;
				CODE_SIGN_STYLE = Automatic;
				DEVELOPMENT_ASSET_PATHS = "\"challenge_1_temperature_converter/Preview Content\"";
				ENABLE_PREVIEWS = YES;
				INFOPLIST_FILE = challenge_1_temperature_converter/Info.plist;
				LD_RUNPATH_SEARCH_PATHS = (
					"$(inherited)",
					"@executable_path/Frameworks",
				);
				PRODUCT_BUNDLE_IDENTIFIER = "com.github-rafascalzo.challenge-1-temperature-converter";
				PRODUCT_NAME = "$(TARGET_NAME)";
				SWIFT_VERSION = 5.0;
				TARGETED_DEVICE_FAMILY = "1,2";
			};
			name = Release;
		};
/* End XCBuildConfiguration section */

/* Begin XCConfigurationList section */
		89CCF4CC2425AAB7001F84D4 /* Build configuration list for PBXProject "challenge_1_temperature_converter" */ = {
			isa = XCConfigurationList;
			buildConfigurations = (
				89CCF4E32425AABA001F84D4 /* Debug */,
				89CCF4E42425AABA001F84D4 /* Release */,
			);
			defaultConfigurationIsVisible = 0;
			defaultConfigurationName = Release;
		};
		89CCF4E52425AABA001F84D4 /* Build configuration list for PBXNativeTarget "challenge_1_temperature_converter" */ = {
			isa = XCConfigurationList;
			buildConfigurations = (
				89CCF4E62425AABA001F84D4 /* Debug */,
				89CCF4E72425AABA001F84D4 /* Release */,
			);
			defaultConfigurationIsVisible = 0;
			defaultConfigurationName = Release;
		};
/* End XCConfigurationList section */
	};
	rootObject = 89CCF4C92425AAB7001F84D4 /* Project object */;
}
